Microsoft Visual Studio Solution File, Format Version 12.00
# Visual Studio Version 17
VisualStudioVersion = 17.0.31903.59
MinimumVisualStudioVersion = 10.0.40219.1
Project("{FAE04EC0-301F-11D3-BF4B-00C04F79EFBC}") = "AndroidRecovery.App", "src\Desktop\AndroidRecovery.App\AndroidRecovery.App.csproj", "{A1000001-0000-0000-0000-000000000001}"
EndProject
Project("{FAE04EC0-301F-11D3-BF4B-00C04F79EFBC}") = "AndroidRecovery.UI", "src\Desktop\AndroidRecovery.UI\AndroidRecovery.UI.csproj", "{A1000002-0000-0000-0000-000000000002}"
EndProject
Project("{FAE04EC0-301F-11D3-BF4B-00C04F79EFBC}") = "AndroidRecovery.ViewModels", "src\Desktop\AndroidRecovery.ViewModels\AndroidRecovery.ViewModels.csproj", "{A1000003-0000-0000-0000-000000000003}"
EndProject
Project("{FAE04EC0-301F-11D3-BF4B-00C04F79EFBC}") = "AndroidRecovery.Core", "src\Core\AndroidRecovery.Core\AndroidRecovery.Core.csproj", "{A1000004-0000-0000-0000-000000000004}"
EndProject
Project("{FAE04EC0-301F-11D3-BF4B-00C04F79EFBC}") = "AndroidRecovery.Models", "src\Core\AndroidRecovery.Models\AndroidRecovery.Models.csproj", "{A1000005-0000-0000-0000-000000000005}"
EndProject
Project("{FAE04EC0-301F-11D3-BF4B-00C04F79EFBC}") = "AndroidRecovery.Logging", "src\Core\AndroidRecovery.Logging\AndroidRecovery.Logging.csproj", "{A1000006-0000-0000-0000-000000000006}"
EndProject
Project("{FAE04EC0-301F-11D3-BF4B-00C04F79EFBC}") = "AndroidRecovery.Security", "src\Core\AndroidRecovery.Security\AndroidRecovery.Security.csproj", "{A1000007-0000-0000-0000-000000000007}"
EndProject
Project("{FAE04EC0-301F-11D3-BF4B-00C04F79EFBC}") = "AndroidRecovery.Adb", "src\Acquisition\AndroidRecovery.Adb\AndroidRecovery.Adb.csproj", "{A1000008-0000-0000-0000-000000000008}"
EndProject
Project("{FAE04EC0-301F-11D3-BF4B-00C04F79EFBC}") = "AndroidRecovery.DeviceDetection", "src\Acquisition\AndroidRecovery.DeviceDetection\AndroidRecovery.DeviceDetection.csproj", "{A1000009-0000-0000-0000-000000000009}"
EndProject
Project("{FAE04EC0-301F-11D3-BF4B-00C04F79EFBC}") = "AndroidRecovery.UnitTests", "tests\AndroidRecovery.UnitTests\AndroidRecovery.UnitTests.csproj", "{A1000010-0000-0000-0000-000000000010}"
EndProject
Project("{FAE04EC0-301F-11D3-BF4B-00C04F79EFBC}") = "AndroidRecovery.IntegrationTests", "tests\AndroidRecovery.IntegrationTests\AndroidRecovery.IntegrationTests.csproj", "{A1000011-0000-0000-0000-000000000011}"
EndProject
Project("{FAE04EC0-301F-11D3-BF4B-00C04F79EFBC}") = "AndroidRecovery.Mtp", "src\Acquisition\AndroidRecovery.Mtp\AndroidRecovery.Mtp.csproj", "{A1000012-0000-0000-0000-000000000012}"
EndProject
Project("{FAE04EC0-301F-11D3-BF4B-00C04F79EFBC}") = "AndroidRecovery.Backup", "src\Acquisition\AndroidRecovery.Backup\AndroidRecovery.Backup.csproj", "{A1000013-0000-0000-0000-000000000013}"
EndProject
Project("{FAE04EC0-301F-11D3-BF4B-00C04F79EFBC}") = "AndroidRecovery.FileSystem", "src\Analysis\AndroidRecovery.FileSystem\AndroidRecovery.FileSystem.csproj", "{A1000014-0000-0000-0000-000000000014}"
EndProject
Project("{FAE04EC0-301F-11D3-BF4B-00C04F79EFBC}") = "AndroidRecovery.SQLite", "src\Analysis\AndroidRecovery.SQLite\AndroidRecovery.SQLite.csproj", "{A1000015-0000-0000-0000-000000000015}"
EndProject
Project("{FAE04EC0-301F-11D3-BF4B-00C04F79EFBC}") = "AndroidRecovery.Media", "src\Analysis\AndroidRecovery.Media\AndroidRecovery.Media.csproj", "{A1000016-0000-0000-0000-000000000016}"
EndProject
Project("{FAE04EC0-301F-11D3-BF4B-00C04F79EFBC}") = "AndroidRecovery.Documents", "src\Analysis\AndroidRecovery.Documents\AndroidRecovery.Documents.csproj", "{A1000017-0000-0000-0000-000000000017}"
EndProject
Project("{FAE04EC0-301F-11D3-BF4B-00C04F79EFBC}") = "AndroidRecovery.FileCarving", "src\Analysis\AndroidRecovery.FileCarving\AndroidRecovery.FileCarving.csproj", "{A1000018-0000-0000-0000-000000000018}"
EndProject
Project("{FAE04EC0-301F-11D3-BF4B-00C04F79EFBC}") = "AndroidRecovery.Recovery", "src\Recovery\AndroidRecovery.Recovery\AndroidRecovery.Recovery.csproj", "{A1000019-0000-0000-0000-000000000019}"
EndProject
Project("{FAE04EC0-301F-11D3-BF4B-00C04F79EFBC}") = "AndroidRecovery.PhotoRecovery", "src\Recovery\AndroidRecovery.PhotoRecovery\AndroidRecovery.PhotoRecovery.csproj", "{A1000020-0000-0000-0000-000000000020}"
EndProject
Project("{FAE04EC0-301F-11D3-BF4B-00C04F79EFBC}") = "AndroidRecovery.VideoRecovery", "src\Recovery\AndroidRecovery.VideoRecovery\AndroidRecovery.VideoRecovery.csproj", "{A1000021-0000-0000-0000-000000000021}"
EndProject
Project("{FAE04EC0-301F-11D3-BF4B-00C04F79EFBC}") = "AndroidRecovery.ContactRecovery", "src\Recovery\AndroidRecovery.ContactRecovery\AndroidRecovery.ContactRecovery.csproj", "{A1000022-0000-0000-0000-000000000022}"
EndProject
Project("{FAE04EC0-301F-11D3-BF4B-00C04F79EFBC}") = "AndroidRecovery.MessageRecovery", "src\Recovery\AndroidRecovery.MessageRecovery\AndroidRecovery.MessageRecovery.csproj", "{A1000023-0000-0000-0000-000000000023}"
EndProject
Project("{FAE04EC0-301F-11D3-BF4B-00C04F79EFBC}") = "AndroidRecovery.CallLogRecovery", "src\Recovery\AndroidRecovery.CallLogRecovery\AndroidRecovery.CallLogRecovery.csproj", "{A1000024-0000-0000-0000-000000000024}"
EndProject
Project("{FAE04EC0-301F-11D3-BF4B-00C04F79EFBC}") = "AndroidRecovery.AppDataRecovery", "src\Recovery\AndroidRecovery.AppDataRecovery\AndroidRecovery.AppDataRecovery.csproj", "{A1000025-0000-0000-0000-000000000025}"
EndProject
Project("{FAE04EC0-301F-11D3-BF4B-00C04F79EFBC}") = "AndroidRecovery.AcquisitionTests", "tests\AndroidRecovery.AcquisitionTests\AndroidRecovery.AcquisitionTests.csproj", "{A1000026-0000-0000-0000-000000000026}"
EndProject
Project("{FAE04EC0-301F-11D3-BF4B-00C04F79EFBC}") = "AndroidRecovery.AnalysisTests", "tests\AndroidRecovery.AnalysisTests\AndroidRecovery.AnalysisTests.csproj", "{A1000027-0000-0000-0000-000000000027}"
EndProject
Project("{FAE04EC0-301F-11D3-BF4B-00C04F79EFBC}") = "AndroidRecovery.RecoveryTests", "tests\AndroidRecovery.RecoveryTests\AndroidRecovery.RecoveryTests.csproj", "{A1000028-0000-0000-0000-000000000028}"
EndProject
Project("{FAE04EC0-301F-11D3-BF4B-00C04F79EFBC}") = "AndroidRecovery.TestDataGenerator", "tools\AndroidRecovery.TestDataGenerator\AndroidRecovery.TestDataGenerator.csproj", "{A1000029-0000-0000-0000-000000000029}"
EndProject
Global
	GlobalSection(SolutionConfigurationPlatforms) = preSolution
		Debug|Any CPU = Debug|Any CPU
		Release|Any CPU = Release|Any CPU
	EndGlobalSection
	GlobalSection(ProjectConfigurationPlatforms) = postSolution
		{A1000001-0000-0000-0000-000000000001}.Debug|Any CPU.ActiveCfg = Debug|Any CPU
		{A1000001-0000-0000-0000-000000000001}.Debug|Any CPU.Build.0 = Debug|Any CPU
		{A1000001-0000-0000-0000-000000000001}.Release|Any CPU.ActiveCfg = Release|Any CPU
		{A1000001-0000-0000-0000-000000000001}.Release|Any CPU.Build.0 = Release|Any CPU
		{A1000002-0000-0000-0000-000000000002}.Debug|Any CPU.ActiveCfg = Debug|Any CPU
		{A1000002-0000-0000-0000-000000000002}.Debug|Any CPU.Build.0 = Debug|Any CPU
		{A1000002-0000-0000-0000-000000000002}.Release|Any CPU.ActiveCfg = Release|Any CPU
		{A1000002-0000-0000-0000-000000000002}.Release|Any CPU.Build.0 = Release|Any CPU
		{A1000003-0000-0000-0000-000000000003}.Debug|Any CPU.ActiveCfg = Debug|Any CPU
		{A1000003-0000-0000-0000-000000000003}.Debug|Any CPU.Build.0 = Debug|Any CPU
		{A1000003-0000-0000-0000-000000000003}.Release|Any CPU.ActiveCfg = Release|Any CPU
		{A1000003-0000-0000-0000-000000000003}.Release|Any CPU.Build.0 = Release|Any CPU
		{A1000004-0000-0000-0000-000000000004}.Debug|Any CPU.ActiveCfg = Debug|Any CPU
		{A1000004-0000-0000-0000-000000000004}.Debug|Any CPU.Build.0 = Debug|Any CPU
		{A1000004-0000-0000-0000-000000000004}.Release|Any CPU.ActiveCfg = Release|Any CPU
		{A1000004-0000-0000-0000-000000000004}.Release|Any CPU.Build.0 = Release|Any CPU
		{A1000005-0000-0000-0000-000000000005}.Debug|Any CPU.ActiveCfg = Debug|Any CPU
		{A1000005-0000-0000-0000-000000000005}.Debug|Any CPU.Build.0 = Debug|Any CPU
		{A1000005-0000-0000-0000-000000000005}.Release|Any CPU.ActiveCfg = Release|Any CPU
		{A1000005-0000-0000-0000-000000000005}.Release|Any CPU.Build.0 = Release|Any CPU
		{A1000006-0000-0000-0000-000000000006}.Debug|Any CPU.ActiveCfg = Debug|Any CPU
		{A1000006-0000-0000-0000-000000000006}.Debug|Any CPU.Build.0 = Debug|Any CPU
		{A1000006-0000-0000-0000-000000000006}.Release|Any CPU.ActiveCfg = Release|Any CPU
		{A1000006-0000-0000-0000-000000000006}.Release|Any CPU.Build.0 = Release|Any CPU
		{A1000007-0000-0000-0000-000000000007}.Debug|Any CPU.ActiveCfg = Debug|Any CPU
		{A1000007-0000-0000-0000-000000000007}.Debug|Any CPU.Build.0 = Debug|Any CPU
		{A1000007-0000-0000-0000-000000000007}.Release|Any CPU.ActiveCfg = Release|Any CPU
		{A1000007-0000-0000-0000-000000000007}.Release|Any CPU.Build.0 = Release|Any CPU
		{A1000008-0000-0000-0000-000000000008}.Debug|Any CPU.ActiveCfg = Debug|Any CPU
		{A1000008-0000-0000-0000-000000000008}.Debug|Any CPU.Build.0 = Debug|Any CPU
		{A1000008-0000-0000-0000-000000000008}.Release|Any CPU.ActiveCfg = Release|Any CPU
		{A1000008-0000-0000-0000-000000000008}.Release|Any CPU.Build.0 = Release|Any CPU
		{A1000009-0000-0000-0000-000000000009}.Debug|Any CPU.ActiveCfg = Debug|Any CPU
		{A1000009-0000-0000-0000-000000000009}.Debug|Any CPU.Build.0 = Debug|Any CPU
		{A1000009-0000-0000-0000-000000000009}.Release|Any CPU.ActiveCfg = Release|Any CPU
		{A1000009-0000-0000-0000-000000000009}.Release|Any CPU.Build.0 = Release|Any CPU
		{A1000010-0000-0000-0000-000000000010}.Debug|Any CPU.ActiveCfg = Debug|Any CPU
		{A1000010-0000-0000-0000-000000000010}.Debug|Any CPU.Build.0 = Debug|Any CPU
		{A1000010-0000-0000-0000-000000000010}.Release|Any CPU.ActiveCfg = Release|Any CPU
		{A1000010-0000-0000-0000-000000000010}.Release|Any CPU.Build.0 = Release|Any CPU
		{A1000011-0000-0000-0000-000000000011}.Debug|Any CPU.ActiveCfg = Debug|Any CPU
		{A1000011-0000-0000-0000-000000000011}.Debug|Any CPU.Build.0 = Debug|Any CPU
		{A1000011-0000-0000-0000-000000000011}.Release|Any CPU.ActiveCfg = Release|Any CPU
		{A1000011-0000-0000-0000-000000000011}.Release|Any CPU.Build.0 = Release|Any CPU
		{A1000012-0000-0000-0000-000000000012}.Debug|Any CPU.ActiveCfg = Debug|Any CPU
		{A1000012-0000-0000-0000-000000000012}.Debug|Any CPU.Build.0 = Debug|Any CPU
		{A1000012-0000-0000-0000-000000000012}.Release|Any CPU.ActiveCfg = Release|Any CPU
		{A1000012-0000-0000-0000-000000000012}.Release|Any CPU.Build.0 = Release|Any CPU
		{A1000013-0000-0000-0000-000000000013}.Debug|Any CPU.ActiveCfg = Debug|Any CPU
		{A1000013-0000-0000-0000-000000000013}.Debug|Any CPU.Build.0 = Debug|Any CPU
		{A1000013-0000-0000-0000-000000000013}.Release|Any CPU.ActiveCfg = Release|Any CPU
		{A1000013-0000-0000-0000-000000000013}.Release|Any CPU.Build.0 = Release|Any CPU
		{A1000014-0000-0000-0000-000000000014}.Debug|Any CPU.ActiveCfg = Debug|Any CPU
		{A1000014-0000-0000-0000-000000000014}.Debug|Any CPU.Build.0 = Debug|Any CPU
		{A1000014-0000-0000-0000-000000000014}.Release|Any CPU.ActiveCfg = Release|Any CPU
		{A1000014-0000-0000-0000-000000000014}.Release|Any CPU.Build.0 = Release|Any CPU
		{A1000015-0000-0000-0000-000000000015}.Debug|Any CPU.ActiveCfg = Debug|Any CPU
		{A1000015-0000-0000-0000-000000000015}.Debug|Any CPU.Build.0 = Debug|Any CPU
		{A1000015-0000-0000-0000-000000000015}.Release|Any CPU.ActiveCfg = Release|Any CPU
		{A1000015-0000-0000-0000-000000000015}.Release|Any CPU.Build.0 = Release|Any CPU
		{A1000016-0000-0000-0000-000000000016}.Debug|Any CPU.ActiveCfg = Debug|Any CPU
		{A1000016-0000-0000-0000-000000000016}.Debug|Any CPU.Build.0 = Debug|Any CPU
		{A1000016-0000-0000-0000-000000000016}.Release|Any CPU.ActiveCfg = Release|Any CPU
		{A1000016-0000-0000-0000-000000000016}.Release|Any CPU.Build.0 = Release|Any CPU
		{A1000017-0000-0000-0000-000000000017}.Debug|Any CPU.ActiveCfg = Debug|Any CPU
		{A1000017-0000-0000-0000-000000000017}.Debug|Any CPU.Build.0 = Debug|Any CPU
		{A1000017-0000-0000-0000-000000000017}.Release|Any CPU.ActiveCfg = Release|Any CPU
		{A1000017-0000-0000-0000-000000000017}.Release|Any CPU.Build.0 = Release|Any CPU
		{A1000018-0000-0000-0000-000000000018}.Debug|Any CPU.ActiveCfg = Debug|Any CPU
		{A1000018-0000-0000-0000-000000000018}.Debug|Any CPU.Build.0 = Debug|Any CPU
		{A1000018-0000-0000-0000-000000000018}.Release|Any CPU.ActiveCfg = Release|Any CPU
		{A1000018-0000-0000-0000-000000000018}.Release|Any CPU.Build.0 = Release|Any CPU
		{A1000019-0000-0000-0000-000000000019}.Debug|Any CPU.ActiveCfg = Debug|Any CPU
		{A1000019-0000-0000-0000-000000000019}.Debug|Any CPU.Build.0 = Debug|Any CPU
		{A1000019-0000-0000-0000-000000000019}.Release|Any CPU.ActiveCfg = Release|Any CPU
		{A1000019-0000-0000-0000-000000000019}.Release|Any CPU.Build.0 = Release|Any CPU
		{A1000020-0000-0000-0000-000000000020}.Debug|Any CPU.ActiveCfg = Debug|Any CPU
		{A1000020-0000-0000-0000-000000000020}.Debug|Any CPU.Build.0 = Debug|Any CPU
		{A1000020-0000-0000-0000-000000000020}.Release|Any CPU.ActiveCfg = Release|Any CPU
		{A1000020-0000-0000-0000-000000000020}.Release|Any CPU.Build.0 = Release|Any CPU
		{A1000021-0000-0000-0000-000000000021}.Debug|Any CPU.ActiveCfg = Debug|Any CPU
		{A1000021-0000-0000-0000-000000000021}.Debug|Any CPU.Build.0 = Debug|Any CPU
		{A1000021-0000-0000-0000-000000000021}.Release|Any CPU.ActiveCfg = Release|Any CPU
		{A1000021-0000-0000-0000-000000000021}.Release|Any CPU.Build.0 = Release|Any CPU
		{A1000022-0000-0000-0000-000000000022}.Debug|Any CPU.ActiveCfg = Debug|Any CPU
		{A1000022-0000-0000-0000-000000000022}.Debug|Any CPU.Build.0 = Debug|Any CPU
		{A1000022-0000-0000-0000-000000000022}.Release|Any CPU.ActiveCfg = Release|Any CPU
		{A1000022-0000-0000-0000-000000000022}.Release|Any CPU.Build.0 = Release|Any CPU
		{A1000023-0000-0000-0000-000000000023}.Debug|Any CPU.ActiveCfg = Debug|Any CPU
		{A1000023-0000-0000-0000-000000000023}.Debug|Any CPU.Build.0 = Debug|Any CPU
		{A1000023-0000-0000-0000-000000000023}.Release|Any CPU.ActiveCfg = Release|Any CPU
		{A1000023-0000-0000-0000-000000000023}.Release|Any CPU.Build.0 = Release|Any CPU
		{A1000024-0000-0000-0000-000000000024}.Debug|Any CPU.ActiveCfg = Debug|Any CPU
		{A1000024-0000-0000-0000-000000000024}.Debug|Any CPU.Build.0 = Debug|Any CPU
		{A1000024-0000-0000-0000-000000000024}.Release|Any CPU.ActiveCfg = Release|Any CPU
		{A1000024-0000-0000-0000-000000000024}.Release|Any CPU.Build.0 = Release|Any CPU
		{A1000025-0000-0000-0000-000000000025}.Debug|Any CPU.ActiveCfg = Debug|Any CPU
		{A1000025-0000-0000-0000-000000000025}.Debug|Any CPU.Build.0 = Debug|Any CPU
		{A1000025-0000-0000-0000-000000000025}.Release|Any CPU.ActiveCfg = Release|Any CPU
		{A1000025-0000-0000-0000-000000000025}.Release|Any CPU.Build.0 = Release|Any CPU
		{A1000026-0000-0000-0000-000000000026}.Debug|Any CPU.ActiveCfg = Debug|Any CPU
		{A1000026-0000-0000-0000-000000000026}.Debug|Any CPU.Build.0 = Debug|Any CPU
		{A1000026-0000-0000-0000-000000000026}.Release|Any CPU.ActiveCfg = Release|Any CPU
		{A1000026-0000-0000-0000-000000000026}.Release|Any CPU.Build.0 = Release|Any CPU
		{A1000027-0000-0000-0000-000000000027}.Debug|Any CPU.ActiveCfg = Debug|Any CPU
		{A1000027-0000-0000-0000-000000000027}.Debug|Any CPU.Build.0 = Debug|Any CPU
		{A1000027-0000-0000-0000-000000000027}.Release|Any CPU.ActiveCfg = Release|Any CPU
		{A1000027-0000-0000-0000-000000000027}.Release|Any CPU.Build.0 = Release|Any CPU
		{A1000028-0000-0000-0000-000000000028}.Debug|Any CPU.ActiveCfg = Debug|Any CPU
		{A1000028-0000-0000-0000-000000000028}.Debug|Any CPU.Build.0 = Debug|Any CPU
		{A1000028-0000-0000-0000-000000000028}.Release|Any CPU.ActiveCfg = Release|Any CPU
		{A1000028-0000-0000-0000-000000000028}.Release|Any CPU.Build.0 = Release|Any CPU
		{A1000029-0000-0000-0000-000000000029}.Debug|Any CPU.ActiveCfg = Debug|Any CPU
		{A1000029-0000-0000-0000-000000000029}.Debug|Any CPU.Build.0 = Debug|Any CPU
		{A1000029-0000-0000-0000-000000000029}.Release|Any CPU.ActiveCfg = Release|Any CPU
		{A1000029-0000-0000-0000-000000000029}.Release|Any CPU.Build.0 = Release|Any CPU
	EndGlobalSection
EndGlobal